
Microsoft Visual Studio Solution File, Format Version 12.00
# Visual Studio Version 16
VisualStudioVersion = 16.0.31911.196
MinimumVisualStudioVersion = 10.0.40219.1
Project("{FAE04EC0-301F-11D3-BF4B-00C04F79EFBC}") = "additional", "additional\additional.csproj", "{A80547F6-ACFC-4910-B275-43719F76A896}"
EndProject
Global
	GlobalSection(SolutionConfigurationPlatforms) = preSolution
		Debug|Any CPU = Debug|Any CPU
		Release|Any CPU = Release|Any CPU
	EndGlobalSection
	GlobalSection(ProjectConfigurationPlatforms) = postSolution
		{A80547F6-ACFC-4910-B275-43719F76A896}.Debug|Any CPU.ActiveCfg = Debug|Any CPU
		{A80547F6-ACFC-4910-B275-43719F76A896}.Debug|Any CPU.Build.0 = Debug|Any CPU
		{A80547F6-ACFC-4910-B275-43719F76A896}.Release|Any CPU.ActiveCfg = Release|Any CPU
		{A80547F6-ACFC-4910-B275-43719F76A896}.Release|Any CPU.Build.0 = Release|Any CPU
	EndGlobalSection
	GlobalSection(SolutionProperties) = preSolution
		HideSolutionNode = FALSE
	EndGlobalSection
	GlobalSection(ExtensibilityGlobals) = postSolution
		SolutionGuid = {B4732AD4-3072-4DB0-B7B2-467E63392160}
	EndGlobalSection
EndGlobal
